
Microsoft Visual Studio Solution File, Format Version 12.00
# Visual Studio Version 17
VisualStudioVersion = 17.10.35122.118
MinimumVisualStudioVersion = 10.0.40219.1
Project("{2150E333-8FDC-42A3-9474-1A3956D46DE8}") = "src", "src", "{4FC22BC4-5304-4CE9-B184-E5B6BF631DFA}"
EndProject
Project("{2150E333-8FDC-42A3-9474-1A3956D46DE8}") = "Domain", "Domain", "{3C76D23C-45AB-4EF5-830E-24E84BA2C417}"
EndProject
Project("{2150E333-8FDC-42A3-9474-1A3956D46DE8}") = "Core", "Core", "{52893248-C80D-4E23-A29A-5C3E6B656DFE}"
EndProject
Project("{2150E333-8FDC-42A3-9474-1A3956D46DE8}") = "Service", "Service", "{9F79D1BF-C950-486F-8550-7EA445B15252}"
EndProject
Project("{2150E333-8FDC-42A3-9474-1A3956D46DE8}") = "Endpoint", "Endpoint", "{9DD635DD-644C-474C-B916-3D00545D819F}"
EndProject
Project("{2150E333-8FDC-42A3-9474-1A3956D46DE8}") = "Infrastructure", "Infrastructure", "{ED9D0657-1BE5-408E-8054-E825958E21C1}"
EndProject
Project("{9A19103F-16F7-4668-BE54-9A1E7A4F7556}") = "AppDomainCore", "AppDomainCore\AppDomainCore.csproj", "{EF9D984C-1965-4D99-B71A-4EE8482AE0B3}"
EndProject
Project("{9A19103F-16F7-4668-BE54-9A1E7A4F7556}") = "DomainAppService", "DomainAppService\DomainAppService.csproj", "{C544B436-46DF-4843-B5B9-11626ACC67E1}"
EndProject
Project("{9A19103F-16F7-4668-BE54-9A1E7A4F7556}") = "DomainService", "DomainService\DomainService.csproj", "{9EE9D957-7A88-4A18-8041-512A2B8E7034}"
EndProject
Project("{9A19103F-16F7-4668-BE54-9A1E7A4F7556}") = "AppDataRepository", "AppDataRepository\AppDataRepository.csproj", "{66BAD26A-C566-432B-8D84-950E08D89CF3}"
EndProject
Project("{FAE04EC0-301F-11D3-BF4B-00C04F79EFBC}") = "AppEndpoint_MVC", "AppEndpoint_MVC\AppEndpoint_MVC.csproj", "{6BD5296B-517F-4BB4-B974-B31B7F0BBCC0}"
EndProject
Global
	GlobalSection(SolutionConfigurationPlatforms) = preSolution
		Debug|Any CPU = Debug|Any CPU
		Release|Any CPU = Release|Any CPU
	EndGlobalSection
	GlobalSection(ProjectConfigurationPlatforms) = postSolution
		{EF9D984C-1965-4D99-B71A-4EE8482AE0B3}.Debug|Any CPU.ActiveCfg = Debug|Any CPU
		{EF9D984C-1965-4D99-B71A-4EE8482AE0B3}.Debug|Any CPU.Build.0 = Debug|Any CPU
		{EF9D984C-1965-4D99-B71A-4EE8482AE0B3}.Release|Any CPU.ActiveCfg = Release|Any CPU
		{EF9D984C-1965-4D99-B71A-4EE8482AE0B3}.Release|Any CPU.Build.0 = Release|Any CPU
		{C544B436-46DF-4843-B5B9-11626ACC67E1}.Debug|Any CPU.ActiveCfg = Debug|Any CPU
		{C544B436-46DF-4843-B5B9-11626ACC67E1}.Debug|Any CPU.Build.0 = Debug|Any CPU
		{C544B436-46DF-4843-B5B9-11626ACC67E1}.Release|Any CPU.ActiveCfg = Release|Any CPU
		{C544B436-46DF-4843-B5B9-11626ACC67E1}.Release|Any CPU.Build.0 = Release|Any CPU
		{9EE9D957-7A88-4A18-8041-512A2B8E7034}.Debug|Any CPU.ActiveCfg = Debug|Any CPU
		{9EE9D957-7A88-4A18-8041-512A2B8E7034}.Debug|Any CPU.Build.0 = Debug|Any CPU
		{9EE9D957-7A88-4A18-8041-512A2B8E7034}.Release|Any CPU.ActiveCfg = Release|Any CPU
		{9EE9D957-7A88-4A18-8041-512A2B8E7034}.Release|Any CPU.Build.0 = Release|Any CPU
		{66BAD26A-C566-432B-8D84-950E08D89CF3}.Debug|Any CPU.ActiveCfg = Debug|Any CPU
		{66BAD26A-C566-432B-8D84-950E08D89CF3}.Debug|Any CPU.Build.0 = Debug|Any CPU
		{66BAD26A-C566-432B-8D84-950E08D89CF3}.Release|Any CPU.ActiveCfg = Release|Any CPU
		{66BAD26A-C566-432B-8D84-950E08D89CF3}.Release|Any CPU.Build.0 = Release|Any CPU
		{6BD5296B-517F-4BB4-B974-B31B7F0BBCC0}.Debug|Any CPU.ActiveCfg = Debug|Any CPU
		{6BD5296B-517F-4BB4-B974-B31B7F0BBCC0}.Debug|Any CPU.Build.0 = Debug|Any CPU
		{6BD5296B-517F-4BB4-B974-B31B7F0BBCC0}.Release|Any CPU.ActiveCfg = Release|Any CPU
		{6BD5296B-517F-4BB4-B974-B31B7F0BBCC0}.Release|Any CPU.Build.0 = Release|Any CPU
	EndGlobalSection
	GlobalSection(SolutionProperties) = preSolution
		HideSolutionNode = FALSE
	EndGlobalSection
	GlobalSection(NestedProjects) = preSolution
		{3C76D23C-45AB-4EF5-830E-24E84BA2C417} = {4FC22BC4-5304-4CE9-B184-E5B6BF631DFA}
		{52893248-C80D-4E23-A29A-5C3E6B656DFE} = {3C76D23C-45AB-4EF5-830E-24E84BA2C417}
		{9F79D1BF-C950-486F-8550-7EA445B15252} = {3C76D23C-45AB-4EF5-830E-24E84BA2C417}
		{9DD635DD-644C-474C-B916-3D00545D819F} = {4FC22BC4-5304-4CE9-B184-E5B6BF631DFA}
		{ED9D0657-1BE5-408E-8054-E825958E21C1} = {4FC22BC4-5304-4CE9-B184-E5B6BF631DFA}
		{EF9D984C-1965-4D99-B71A-4EE8482AE0B3} = {52893248-C80D-4E23-A29A-5C3E6B656DFE}
		{C544B436-46DF-4843-B5B9-11626ACC67E1} = {9F79D1BF-C950-486F-8550-7EA445B15252}
		{9EE9D957-7A88-4A18-8041-512A2B8E7034} = {9F79D1BF-C950-486F-8550-7EA445B15252}
		{66BAD26A-C566-432B-8D84-950E08D89CF3} = {ED9D0657-1BE5-408E-8054-E825958E21C1}
		{6BD5296B-517F-4BB4-B974-B31B7F0BBCC0} = {9DD635DD-644C-474C-B916-3D00545D819F}
	EndGlobalSection
	GlobalSection(ExtensibilityGlobals) = postSolution
		SolutionGuid = {416B0426-FBC3-4D27-9F75-1AD21F4A13F0}
	EndGlobalSection
EndGlobal
